{
  "name": "chrome-extension-new-tab",
  "version": "0.1.0",
  "lockfileVersion": 1,
  "requires": true,
  "dependencies": {
    "@material/animation": {
      "version": "0.25.0",
      "resolved": "https://registry.npmjs.org/@material/animation/-/animation-0.25.0.tgz",
      "integrity": "sha512-4RzlpMwJtMnQ3/rNf4zpG9qnoQcCkYiRs6U515MRQzv7qFl1eCZx3U3dGaUu7UVf3Hwx4RskUB/fBxGc0b61CQ=="
    },
    "@material/auto-init": {
      "version": "0.25.0",
      "resolved": "https://registry.npmjs.org/@material/auto-init/-/auto-init-0.25.0.tgz",
      "integrity": "sha512-5nZOslGcZUczKXfMPBze5fgAb3OAmoeGxm3h6x3QLZP7FMXgyRpofH6AGw5oDIiXmvSM8r2+sduwW9OfgMlTMA=="
    },
    "@material/base": {
      "version": "0.24.0",
      "resolved": "https://registry.npmjs.org/@material/base/-/base-0.24.0.tgz",
      "integrity": "sha512-RG1SbHl6M8a0fdrMAoMm7Fc8jkuj3HhZd0f8Dy5kfUtQk3I7PyzD+MLCrmCHgUAlKbcK2J9VxJWpd4isZr3x9w=="
    },
    "@material/button": {
      "version": "0.26.0",
      "resolved": "https://registry.npmjs.org/@material/button/-/button-0.26.0.tgz",
      "integrity": "sha512-C6zZOxe39JSrNs+DLgfZzu224o2l40G3UeJYHJyOz++FSrIaGvHf46L+c0qcqFmo/irr0DG0zrnDpF7pnrWlnA==",
      "requires": {
        "@material/elevation": "0.25.0",
        "@material/ripple": "0.26.0",
        "@material/theme": "0.25.0",
        "@material/typography": "0.3.0"
      }
    },
    "@material/card": {
      "version": "0.25.0",
      "resolved": "https://registry.npmjs.org/@material/card/-/card-0.25.0.tgz",
      "integrity": "sha512-vpNXUj90uBqf0UlEqw8yDS6X9a5y5QGu+8sQznQLrLfXVKRXzMVix25QDdV5MF1lJoAeLzmWGC/jRBeVN2i0fw==",
      "requires": {
        "@material/elevation": "0.25.0",
        "@material/rtl": "0.1.8",
        "@material/theme": "0.25.0",
        "@material/typography": "0.3.0"
      }
    },
    "@material/checkbox": {
      "version": "0.26.0",
      "resolved": "https://registry.npmjs.org/@material/checkbox/-/checkbox-0.26.0.tgz",
      "integrity": "sha512-uRBJbM/TF7BT7ipdPOsaCg9QhSKJqoxy5s9DVTPNZbp41T7T0BWE4gACIj2fg8xnd+tVQwedSiKFiDvwJS627Q==",
      "requires": {
        "@material/animation": "0.25.0",
        "@material/base": "0.24.0",
        "@material/ripple": "0.26.0",
        "@material/rtl": "0.1.8",
        "@material/selection-control": "0.26.0",
        "@material/theme": "0.25.0"
      }
    },
    "@material/dialog": {
      "version": "0.26.0",
      "resolved": "https://registry.npmjs.org/@material/dialog/-/dialog-0.26.0.tgz",
      "integrity": "sha512-kZ124cMiqnx6CngXHu33hJvOFvKzYk7j0AZURK6RsLfSDLJc6C3bT8eUQMvnKr81xNg2dLFTKtUwID3O2PqUQw==",
      "requires": {
        "@material/animation": "0.25.0",
        "@material/base": "0.24.0",
        "@material/elevation": "0.25.0",
        "@material/ripple": "0.26.0",
        "@material/rtl": "0.1.8",
        "@material/theme": "0.25.0",
        "@material/typography": "0.1.1",
        "focus-trap": "2.4.2"
      },
      "dependencies": {
        "@material/typography": {
          "version": "0.1.1",
          "resolved": "https://registry.npmjs.org/@material/typography/-/typography-0.1.1.tgz",
          "integrity": "sha1-+y40N70yhNOen7kUhXZ63msr0ME="
        }
      }
    },
    "@material/drawer": {
      "version": "0.26.0",
      "resolved": "https://registry.npmjs.org/@material/drawer/-/drawer-0.26.0.tgz",
      "integrity": "sha512-h+vlos6RJNpnAPxtZ75yFjpMY7ek2gg4C6bLbevrLjGRNRKe7AU/WZN859Eb21BG10XgY2t67O4zf5mqwm1Ykg==",
      "requires": {
        "@material/animation": "0.25.0",
        "@material/base": "0.24.0",
        "@material/elevation": "0.25.0",
        "@material/rtl": "0.1.8",
        "@material/theme": "0.25.0",
        "@material/typography": "0.3.0"
      }
    },
    "@material/elevation": {
      "version": "0.25.0",
      "resolved": "https://registry.npmjs.org/@material/elevation/-/elevation-0.25.0.tgz",
      "integrity": "sha512-3TU+Far+D7qo8UqghRIRPp2riXV457L2bULiv+KY9WglWR5eyX3l1BfApgEbza+ltZCVcbrtiTcRVpCI18zIqA==",
      "requires": {
        "@material/animation": "0.25.0",
        "@material/theme": "0.4.0"
      },
      "dependencies": {
        "@material/theme": {
          "version": "0.4.0",
          "resolved": "https://registry.npmjs.org/@material/theme/-/theme-0.4.0.tgz",
          "integrity": "sha1-Cu8aAnm2XBWZBYT7i47KCVxzRkE="
        }
      }
    },
    "@material/fab": {
      "version": "0.26.0",
      "resolved": "https://registry.npmjs.org/@material/fab/-/fab-0.26.0.tgz",
      "integrity": "sha512-IXVusEgThb3PakfZmBTAVo74VCefTUvZbObc9YfVhW7IdG0iWTKp8WiYB/uvd4EdEbJ1gCqv/JhxDAN79nstAQ==",
      "requires": {
        "@material/animation": "0.25.0",
        "@material/elevation": "0.25.0",
        "@material/ripple": "0.26.0",
        "@material/theme": "0.25.0"
      }
    },
    "@material/form-field": {
      "version": "0.26.0",
      "resolved": "https://registry.npmjs.org/@material/form-field/-/form-field-0.26.0.tgz",
      "integrity": "sha512-82hjXb4RG4wIxyWKWlFN6P4K32kF19YAuoWqIuvBK0tmsh5SOqnNUN0a3MVMKfwIxm0LmVATVyJ8V+ZcAGHfrg==",
      "requires": {
        "@material/base": "0.24.0",
        "@material/rtl": "0.1.8",
        "@material/selection-control": "0.26.0",
        "@material/theme": "0.25.0",
        "@material/typography": "0.3.0"
      }
    },
    "@material/grid-list": {
      "version": "0.25.0",
      "resolved": "https://registry.npmjs.org/@material/grid-list/-/grid-list-0.25.0.tgz",
      "integrity": "sha512-oBZd9B3+9VWqpZxoQ2TweeGjAdzl8b6pPtcCgi7lZN6iR2qIZgNqm7+UYwKKCJ9/YtL3YTqFxT9piRE4V+cWKA==",
      "requires": {
        "@material/base": "0.24.0",
        "@material/rtl": "0.1.8",
        "@material/theme": "0.25.0",
        "@material/typography": "0.3.0"
      }
    },
    "@material/icon-toggle": {
      "version": "0.26.0",
      "resolved": "https://registry.npmjs.org/@material/icon-toggle/-/icon-toggle-0.26.0.tgz",
      "integrity": "sha512-hy53z3rUQZMi1Xrgi+8NGcB6gNIbxDXd51oWToQdZXNhX1s1g2ZTCdhsLLjgUbLWYw+sK+oM6wAaoe9L/NkE9w==",
      "requires": {
        "@material/animation": "0.25.0",
        "@material/base": "0.24.0",
        "@material/ripple": "0.26.0",
        "@material/theme": "0.25.0"
      }
    },
    "@material/layout-grid": {
      "version": "0.24.0",
      "resolved": "https://registry.npmjs.org/@material/layout-grid/-/layout-grid-0.24.0.tgz",
      "integrity": "sha512-38Si5CQgRkQwTSVb+lfCZkH8QEe1/HWfj2yNmK5OIFRMBFbSjQRsvf3p+aU1R7fM4TDjNKcgUWqRtBnKuUjNCQ=="
    },
    "@material/linear-progress": {
      "version": "0.25.0",
      "resolved": "https://registry.npmjs.org/@material/linear-progress/-/linear-progress-0.25.0.tgz",
      "integrity": "sha512-HuXik01tDbKWZvym7T6savELmbtKnkK6E9YpNFejIVGjlv/HUrISGgwXUqV6rHdGvttVi0OmIt+nvD5Dd+z33A==",
      "requires": {
        "@material/animation": "0.25.0",
        "@material/base": "0.24.0",
        "@material/theme": "0.25.0"
      }
    },
    "@material/list": {
      "version": "0.26.0",
      "resolved": "https://registry.npmjs.org/@material/list/-/list-0.26.0.tgz",
      "integrity": "sha512-oh/iC+G8LDqjy6vjmJG7XO3q7+D6rlFJawsbLbupOE/I5aU9y7D+I2X+LJf7yXxEVNKLVscyd6Q62LLr/1xCTA==",
      "requires": {
        "@material/ripple": "0.26.0",
        "@material/rtl": "0.1.8",
        "@material/theme": "0.25.0",
        "@material/typography": "0.3.0"
      }
    },
    "@material/menu": {
      "version": "0.25.0",
      "resolved": "https://registry.npmjs.org/@material/menu/-/menu-0.25.0.tgz",
      "integrity": "sha512-PpmmQBs0Qh9cPp8wel5iJ56tJfXXVPTIHB6CchY1kd9EBe+k+N7E/ziZRI3aDd1FQqu+q8/CHhqv0s7ac5yviA==",
      "requires": {
        "@material/animation": "0.25.0",
        "@material/base": "0.24.0",
        "@material/elevation": "0.25.0",
        "@material/theme": "0.25.0",
        "@material/typography": "0.3.0"
      }
    },
    "@material/radio": {
      "version": "0.26.0",
      "resolved": "https://registry.npmjs.org/@material/radio/-/radio-0.26.0.tgz",
      "integrity": "sha512-/WaaBR6qbTu96oRkDMjfG8G42WIyUlJe+18jLAUqqAADf4uZjwjIl131k3O3uCX/1iEziql2GweigaE/g0vtog==",
      "requires": {
        "@material/animation": "0.25.0",
        "@material/base": "0.24.0",
        "@material/ripple": "0.26.0",
        "@material/selection-control": "0.26.0",
        "@material/theme": "0.25.0"
      }
    },
    "@material/ripple": {
      "version": "0.26.0",
      "resolved": "https://registry.npmjs.org/@material/ripple/-/ripple-0.26.0.tgz",
      "integrity": "sha512-p4B7W/89j1ywYrM7VOsWJ3BWxH3kIezwW+02LoHlFQdtCoYyHa8DNco6XFgawS052iFmfaTpLPIQN3BILz4eBQ==",
      "requires": {
        "@material/base": "0.24.0",
        "@material/theme": "0.25.0"
      }
    },
    "@material/rtl": {
      "version": "0.1.8",
      "resolved": "https://registry.npmjs.org/@material/rtl/-/rtl-0.1.8.tgz",
      "integrity": "sha512-NzBobwxvhJg+dch99pVO+Z9HL1DM+esuIy5WYXgM7trfOVh8n9DkVo5vD/NKnDy6F5wCaRnJOI5T19Tev6c9Zw=="
    },
    "@material/select": {
      "version": "0.26.0",
      "resolved": "https://registry.npmjs.org/@material/select/-/select-0.26.0.tgz",
      "integrity": "sha512-0oFpvECLBA9e0OCkvAkunHAVcs6P5UR6ArOtecMiqfXtHRsm13A5TOnRqTRZIrqrFP+7cXjj9WARyPvEckAvUQ==",
      "requires": {
        "@material/animation": "0.25.0",
        "@material/base": "0.24.0",
        "@material/list": "0.26.0",
        "@material/menu": "0.25.0",
        "@material/rtl": "0.1.8",
        "@material/theme": "0.25.0",
        "@material/typography": "0.3.0"
      }
    },
    "@material/selection-control": {
      "version": "0.26.0",
      "resolved": "https://registry.npmjs.org/@material/selection-control/-/selection-control-0.26.0.tgz",
      "integrity": "sha512-7zRuZETlru8hnc7vy5j+oc5ngEXGzlCptWvIl6UZy62gwN0I+6v3OrT5J8wFmARA3ouCtNOsJg5T5NiqOsxc8w==",
      "requires": {
        "@material/ripple": "0.26.0"
      }
    },
    "@material/slider": {
      "version": "0.26.0",
      "resolved": "https://registry.npmjs.org/@material/slider/-/slider-0.26.0.tgz",
      "integrity": "sha512-H8VM91ixBsQoKTuJflwU0Qho2HMqQAjpLJS8F5pNGokQ7f304Y5iK0tvqjLalXNJSBJUTPJqVQxGuwLFIQplCA==",
      "requires": {
        "@material/animation": "0.25.0",
        "@material/base": "0.24.0",
        "@material/rtl": "0.1.8",
        "@material/theme": "0.25.0"
      }
    },
    "@material/snackbar": {
      "version": "0.25.0",
      "resolved": "https://registry.npmjs.org/@material/snackbar/-/snackbar-0.25.0.tgz",
      "integrity": "sha512-fpcXBsme7jKbE+VJD1ifPzw3ix7HY2bPIf0FSQ2vbmmVc+PlDUHU+lSCGWHn8BdBbA4adgu0P084EidHK2q+EA==",
      "requires": {
        "@material/animation": "0.25.0",
        "@material/base": "0.24.0",
        "@material/rtl": "0.1.8",
        "@material/theme": "0.25.0",
        "@material/typography": "0.3.0"
      }
    },
    "@material/switch": {
      "version": "0.25.0",
      "resolved": "https://registry.npmjs.org/@material/switch/-/switch-0.25.0.tgz",
      "integrity": "sha512-FvjWlv+dtZG5bkJ+H+BREw4y0L/C2kT4qJGX1+Uaw9fl+Yz8j9SL8V27q2d7i/xtZIADHsFUxbBsPiqzvOM4ig==",
      "requires": {
        "@material/animation": "0.25.0",
        "@material/elevation": "0.25.0",
        "@material/theme": "0.25.0"
      }
    },
    "@material/tabs": {
      "version": "0.26.0",
      "resolved": "https://registry.npmjs.org/@material/tabs/-/tabs-0.26.0.tgz",
      "integrity": "sha512-GY33jQ7FRRlVfSX70O01nruRyTkN5qyh5DX3bIWitcrtpBv6GYMvNn/uM2uI8067wzObLcA/nURSSpnMxYFSaw==",
      "requires": {
        "@material/animation": "0.25.0",
        "@material/base": "0.24.0",
        "@material/ripple": "0.26.0",
        "@material/rtl": "0.1.8",
        "@material/theme": "0.25.0",
        "@material/typography": "0.3.0"
      }
    },
    "@material/textfield": {
      "version": "0.26.0",
      "resolved": "https://registry.npmjs.org/@material/textfield/-/textfield-0.26.0.tgz",
      "integrity": "sha512-Vb9VMfk14OGFlaIBxrFkvHnWzmH6C4mMFRUhAbizuPfAfRPp8Ap39c0G89RFUfjxUfdlME2w3A9yk4kPeJqEDQ==",
      "requires": {
        "@material/animation": "0.25.0",
        "@material/base": "0.24.0",
        "@material/ripple": "0.26.0",
        "@material/rtl": "0.1.8",
        "@material/theme": "0.25.0",
        "@material/typography": "0.3.0"
      }
    },
    "@material/theme": {
      "version": "0.25.0",
      "resolved": "https://registry.npmjs.org/@material/theme/-/theme-0.25.0.tgz",
      "integrity": "sha512-12JyZlMStatIecXFfiQrEQb0BBVJOCm4cl54j/R3VkOehcIsvG9Z9Y42AJ/DlyRlbQ7J3rkdevf6c5osQXZvKA=="
    },
    "@material/toolbar": {
      "version": "0.25.0",
      "resolved": "https://registry.npmjs.org/@material/toolbar/-/toolbar-0.25.0.tgz",
      "integrity": "sha512-KwYe0RfA0KwGKepnZHQASM7JU2V3HtlsQMD4K/FlA5J87Zf9DrNRIlF59hmi98KGeYbkv5Z/gz4l/gVh/c4tJw==",
      "requires": {
        "@material/base": "0.24.0",
        "@material/elevation": "0.25.0",
        "@material/rtl": "0.1.8",
        "@material/theme": "0.25.0",
        "@material/typography": "0.3.0"
      }
    },
    "@material/typography": {
      "version": "0.3.0",
      "resolved": "https://registry.npmjs.org/@material/typography/-/typography-0.3.0.tgz",
      "integrity": "sha1-+CjC0yFb/WbFgHJwm0JgxkElOQo="
    },
    "asap": {
      "version": "2.0.6",
      "resolved": "https://registry.npmjs.org/asap/-/asap-2.0.6.tgz",
      "integrity": "sha1-5QNHYR1+aQlDIIu9r+vLwvuGbUY="
    },
    "clamp": {
      "version": "1.0.1",
      "resolved": "https://registry.npmjs.org/clamp/-/clamp-1.0.1.tgz",
      "integrity": "sha1-ZqDmQBGBbjcZaCj9yMjBRzEshjQ="
    },
    "classnames": {
      "version": "2.2.5",
      "resolved": "https://registry.npmjs.org/classnames/-/classnames-2.2.5.tgz",
      "integrity": "sha1-+zgB1FNGdknvNgPH1hoCvRKb3m0="
    },
    "core-js": {
      "version": "1.2.7",
      "resolved": "https://registry.npmjs.org/core-js/-/core-js-1.2.7.tgz",
      "integrity": "sha1-ZSKUwUZR2yj6k70tX/KYOk8IxjY="
    },
    "encoding": {
      "version": "0.1.12",
      "resolved": "https://registry.npmjs.org/encoding/-/encoding-0.1.12.tgz",
      "integrity": "sha1-U4tm8+5izRq1HsMjgp0flIDHS+s=",
      "requires": {
        "iconv-lite": "0.4.19"
      }
    },
    "fbjs": {
      "version": "0.8.16",
      "resolved": "https://registry.npmjs.org/fbjs/-/fbjs-0.8.16.tgz",
      "integrity": "sha1-XmdDL1UNxBtXK/VYR7ispk5TN9s=",
      "requires": {
        "core-js": "1.2.7",
        "isomorphic-fetch": "2.2.1",
        "loose-envify": "1.3.1",
        "object-assign": "4.1.1",
        "promise": "7.3.1",
        "setimmediate": "1.0.5",
        "ua-parser-js": "0.7.17"
      }
    },
    "focus-trap": {
      "version": "2.4.2",
      "resolved": "https://registry.npmjs.org/focus-trap/-/focus-trap-2.4.2.tgz",
      "integrity": "sha512-SAeF7QzsGlG1RmdmBM5hsnwNGyOUak6f75LB8mIvj1gi63MGMtcbkaqNkMqLnMI8aQaQcdMVCSYaKLJZECIUmw==",
      "requires": {
        "tabbable": "1.1.1"
      }
    },
    "iconv-lite": {
      "version": "0.4.19",
      "resolved": "https://registry.npmjs.org/iconv-lite/-/iconv-lite-0.4.19.tgz",
      "integrity": "sha512-oTZqweIP51xaGPI4uPa56/Pri/480R+mo7SeU+YETByQNhDG55ycFyNLIgta9vXhILrxXDmF7ZGhqZIcuN0gJQ=="
    },
    "is-stream": {
      "version": "1.1.0",
      "resolved": "https://registry.npmjs.org/is-stream/-/is-stream-1.1.0.tgz",
      "integrity": "sha1-EtSj3U5o4Lec6428hBc66A2RykQ="
    },
    "isomorphic-fetch": {
      "version": "2.2.1",
      "resolved": "https://registry.npmjs.org/isomorphic-fetch/-/isomorphic-fetch-2.2.1.tgz",
      "integrity": "sha1-YRrhrPFPXoH3KVB0coGf6XM1WKk=",
      "requires": {
        "node-fetch": "1.7.3",
        "whatwg-fetch": "2.0.3"
      }
    },
    "js-tokens": {
      "version": "3.0.2",
      "resolved": "https://registry.npmjs.org/js-tokens/-/js-tokens-3.0.2.tgz",
      "integrity": "sha1-mGbfOVECEw449/mWvOtlRDIJwls="
    },
    "lodash.isequal": {
      "version": "4.5.0",
      "resolved": "https://registry.npmjs.org/lodash.isequal/-/lodash.isequal-4.5.0.tgz",
      "integrity": "sha1-QVxEePK8wwEgwizhDtMib30+GOA="
    },
    "loose-envify": {
      "version": "1.3.1",
      "resolved": "https://registry.npmjs.org/loose-envify/-/loose-envify-1.3.1.tgz",
      "integrity": "sha1-0aitM/qc4OcT1l/dCsi3SNR4yEg=",
      "requires": {
        "js-tokens": "3.0.2"
      }
    },
    "material-components-web": {
      "version": "0.26.0",
      "resolved": "https://registry.npmjs.org/material-components-web/-/material-components-web-0.26.0.tgz",
      "integrity": "sha512-PHWksxD449yJagLtTn4FAZBaZ2iISVBdFvIg48r1qehZAf+E3aBse09pQDVw50yimBfsIlOjLef7Gcb7XMHFMQ==",
      "requires": {
        "@material/animation": "0.25.0",
        "@material/auto-init": "0.25.0",
        "@material/base": "0.24.0",
        "@material/button": "0.26.0",
        "@material/card": "0.25.0",
        "@material/checkbox": "0.26.0",
        "@material/dialog": "0.26.0",
        "@material/drawer": "0.26.0",
        "@material/elevation": "0.25.0",
        "@material/fab": "0.26.0",
        "@material/form-field": "0.26.0",
        "@material/grid-list": "0.25.0",
        "@material/icon-toggle": "0.26.0",
        "@material/layout-grid": "0.24.0",
        "@material/linear-progress": "0.25.0",
        "@material/list": "0.26.0",
        "@material/menu": "0.25.0",
        "@material/radio": "0.26.0",
        "@material/ripple": "0.26.0",
        "@material/rtl": "0.1.8",
        "@material/select": "0.26.0",
        "@material/selection-control": "0.26.0",
        "@material/slider": "0.26.0",
        "@material/snackbar": "0.25.0",
        "@material/switch": "0.25.0",
        "@material/tabs": "0.26.0",
        "@material/textfield": "0.26.0",
        "@material/theme": "0.25.0",
        "@material/toolbar": "0.25.0",
        "@material/typography": "0.3.0"
      }
    },
    "node-fetch": {
      "version": "1.7.3",
      "resolved": "https://registry.npmjs.org/node-fetch/-/node-fetch-1.7.3.tgz",
      "integrity": "sha512-NhZ4CsKx7cYm2vSrBAr2PvFOe6sWDf0UYLRqA6svUYg7+/TSfVAu49jYC4BvQ4Sms9SZgdqGBgroqfDhJdTyKQ==",
      "requires": {
        "encoding": "0.1.12",
        "is-stream": "1.1.0"
      }
    },
    "object-assign": {
      "version": "4.1.1",
      "resolved": "https://registry.npmjs.org/object-assign/-/object-assign-4.1.1.tgz",
      "integrity": "sha1-IQmtx5ZYh8/AXLvUQsrIv7s2CGM="
    },
    "promise": {
      "version": "7.3.1",
      "resolved": "https://registry.npmjs.org/promise/-/promise-7.3.1.tgz",
      "integrity": "sha512-nolQXZ/4L+bP/UGlkfaIujX9BKxGwmQ9OT4mOt5yvy8iK1h3wqTEJCijzGANTCCl9nWjY41juyAn2K3Q1hLLTg==",
      "requires": {
        "asap": "2.0.6"
      }
    },
    "prop-types": {
      "version": "15.6.0",
      "resolved": "https://registry.npmjs.org/prop-types/-/prop-types-15.6.0.tgz",
      "integrity": "sha1-zq8IMCL8RrSjX2nhPvda7Q1jmFY=",
      "requires": {
        "fbjs": "0.8.16",
        "loose-envify": "1.3.1",
        "object-assign": "4.1.1"
      }
    },
    "react": {
      "version": "16.2.0",
      "resolved": "https://registry.npmjs.org/react/-/react-16.2.0.tgz",
      "integrity": "sha512-ZmIomM7EE1DvPEnSFAHZn9Vs9zJl5A9H7el0EGTE6ZbW9FKe/14IYAlPbC8iH25YarEQxZL+E8VW7Mi7kfQrDQ==",
      "requires": {
        "fbjs": "0.8.16",
        "loose-envify": "1.3.1",
        "object-assign": "4.1.1",
        "prop-types": "15.6.0"
      }
    },
    "react-dom": {
      "version": "16.2.0",
      "resolved": "https://registry.npmjs.org/react-dom/-/react-dom-16.2.0.tgz",
      "integrity": "sha512-zpGAdwHVn9K0091d+hr+R0qrjoJ84cIBFL2uU60KvWBPfZ7LPSrfqviTxGHWN0sjPZb2hxWzMexwrvJdKePvjg==",
      "requires": {
        "fbjs": "0.8.16",
        "loose-envify": "1.3.1",
        "object-assign": "4.1.1",
        "prop-types": "15.6.0"
      }
    },
    "react-mdl": {
      "version": "1.11.0",
      "resolved": "https://registry.npmjs.org/react-mdl/-/react-mdl-1.11.0.tgz",
      "integrity": "sha512-r3N82ussp+NnqouBEWRu8H6+F9JGtensPiaST690rjqKzoF0Vd6gQX8+r31EBRYNspDhGSa5izQJ9BdPKdOvRA==",
      "requires": {
        "clamp": "1.0.1",
        "classnames": "2.2.5",
        "lodash.isequal": "4.5.0",
        "prop-types": "15.6.0"
      }
    },
    "rmwc": {
      "version": "0.0.1-rc11",
      "resolved": "https://registry.npmjs.org/rmwc/-/rmwc-0.0.1-rc11.tgz",
      "integrity": "sha512-HU+DiDFFr2AKgKnLBp6bJoHGIL5MsNTGDub0x/DD7gOqt44J1/o0gjX7P3ryN55Zp1q8Ph3dAXQXyKexDKpP9Q==",
      "requires": {
        "classnames": "2.2.5",
        "material-components-web": "0.26.0",
        "prop-types": "15.6.0"
      }
    },
    "setimmediate": {
      "version": "1.0.5",
      "resolved": "https://registry.npmjs.org/setimmediate/-/setimmediate-1.0.5.tgz",
      "integrity": "sha1-KQy7Iy4waULX1+qbg3Mqt4VvgoU="
    },
    "tabbable": {
      "version": "1.1.1",
      "resolved": "https://registry.npmjs.org/tabbable/-/tabbable-1.1.1.tgz",
      "integrity": "sha512-YnbzANAozgzJtFN9aSk4A1Ya3Z+yMh2GkrBa9AT3Bi4SF9z+iHmT8MoY/5bJL1h1aDYo+CPbAUR7qMx+LSxQgA=="
    },
    "ua-parser-js": {
      "version": "0.7.17",
      "resolved": "https://registry.npmjs.org/ua-parser-js/-/ua-parser-js-0.7.17.tgz",
      "integrity": "sha512-uRdSdu1oA1rncCQL7sCj8vSyZkgtL7faaw9Tc9rZ3mGgraQ7+Pdx7w5mnOSF3gw9ZNG6oc+KXfkon3bKuROm0g=="
    },
    "whatwg-fetch": {
      "version": "2.0.3",
      "resolved": "https://registry.npmjs.org/whatwg-fetch/-/whatwg-fetch-2.0.3.tgz",
      "integrity": "sha1-nITsLc9oGH/wC8ZOEnS0QhduHIQ="
    }
  }
}
